lockfileVersion: '9.0'

settings:
  autoInstallPeers: true
  excludeLinksFromLockfile: false

importers:

  .:
    dependencies:
      dialkit:
        specifier: 2.0.2
        version: 2.0.2

packages:

  dialkit@2.0.2:
    resolution: {integrity: sha512-D5ZFLBhcB8WVxI6Q8e7HuPPA4SKQBPfLHpvgZQ5V0ZrqohHjYjTR5JoLfXSCeN8tKvUdemyGnVHy/3EtsaliUw==}
    peerDependencies:
      motion: '>=11.0.0'
      motion-v: '>=2.0.0'
      react: '>=18.0.0'
      react-dom: '>=18.0.0'
      solid-js: '>=1.6.0'
      svelte: '>=5.8.0'
      vue: '>=3.3.0'
    peerDependenciesMeta:
      motion:
        optional: true
      motion-v:
        optional: true
      react:
        optional: true
      react-dom:
        optional: true
      solid-js:
        optional: true
      svelte:
        optional: true
      vue:
        optional: true

snapshots:

  dialkit@2.0.2: {}
